// !$*UTF8*$!
{
	archiveVersion = 1;
	classes = {
	};
	objectVersion = 48;
	objects = {

/* Begin PBXBuildFile section */
		E827FC9E1FF98FDC008C161E /* AppDelegate.swift in Sources */ = {isa = PBXBuildFile; fileRef = E827FC9D1FF98FDC008C161E /* AppDelegate.swift */; };
		E827FCA01FF98FDC008C161E /* ViewController.swift in Sources */ = {isa = PBXBuildFile; fileRef = E827FC9F1FF98FDC008C161E /* ViewController.swift */; };
		E827FCA31FF98FDC008C161E /* Main.storyboard in Resources */ = {isa = PBXBuildFile; fileRef = E827FCA11FF98FDC008C161E /* Main.storyboard */; };
		E827FCA51FF98FDC008C161E /* Assets.xcassets in Resources */ = {isa = PBXBuildFile; fileRef = E827FCA41FF98FDC008C161E /* Assets.xcassets */; };
		E827FCA81FF98FDC008C161E /* LaunchScreen.storyboard in Resources */ = {isa = PBXBuildFile; fileRef = E827FCA61FF98FDC008C161E /* LaunchScreen.storyboard */; };
		E827FCB31FF98FDC008C161E /* ConcentrationTests.swift in Sources */ = {isa = PBXBuildFile; fileRef = E827FCB21FF98FDC008C161E /* ConcentrationTests.swift */; };
		E827FCBE1FF98FDC008C161E /* ConcentrationUITests.swift in Sources */ = {isa = PBXBuildFile; fileRef = E827FCBD1FF98FDC008C161E /* ConcentrationUITests.swift */; };
		E830BAEC1FFAFC4900777858 /* Concentration.swift in Sources */ = {isa = PBXBuildFile; fileRef = E830BAEB1FFAFC4900777858 /* Concentration.swift */; };
		E830BAEE1FFAFCD800777858 /* Card.swift in Sources */ = {isa = PBXBuildFile; fileRef = E830BAED1FFAFCD800777858 /* Card.swift */; };
/* End PBXBuildFile section */

/* Begin PBXContainerItemProxy section */
		E827FCAF1FF98FDC008C161E /* PBXContainerItemProxy */ = {
			isa = PBXContainerItemProxy;
			containerPortal = E827FC921FF98FDC008C161E /* Project object */;
			proxyType = 1;
			remoteGlobalIDString = E827FC991FF98FDC008C161E;
			remoteInfo = Concentration;
		};
		E827FCBA1FF98FDC008C161E /* PBXContainerItemProxy */ = {
			isa = PBXContainerItemProxy;
			containerPortal = E827FC921FF98FDC008C161E /* Project object */;
			proxyType = 1;
			remoteGlobalIDString = E827FC991FF98FDC008C161E;
			remoteInfo = Concentration;
		};
/* End PBXContainerItemProxy section */

/* Begin PBXFileReference section */
		E827FC9A1FF98FDC008C161E /* Concentration.app */ = {isa = PBXFileReference; explicitFileType = wrapper.application; includeInIndex = 0; path = Concentration.app; sourceTree = BUILT_PRODUCTS_DIR; };
		E827FC9D1FF98FDC008C161E /* AppDelegate.swift */ = {isa = PBXFileReference; lastKnownFileType = sourcecode.swift; path = AppDelegate.swift; sourceTree = "<group>"; };
		E827FC9F1FF98FDC008C161E /* ViewController.swift */ = {isa = PBXFileReference; lastKnownFileType = sourcecode.swift; path = ViewController.swift; sourceTree = "<group>"; };
		E827FCA21FF98FDC008C161E /* Base */ = {isa = PBXFileReference; lastKnownFileType = file.storyboard; name = Base; path = Base.lproj/Main.storyboard; sourceTree = "<group>"; };
		E827FCA41FF98FDC008C161E /* Assets.xcassets */ = {isa = PBXFileReference; lastKnownFileType = folder.assetcatalog; path = Assets.xcassets; sourceTree = "<group>"; };
		E827FCA71FF98FDC008C161E /* Base */ = {isa = PBXFileReference; lastKnownFileType = file.storyboard; name = Base; path = Base.lproj/LaunchScreen.storyboard; sourceTree = "<group>"; };
		E827FCA91FF98FDC008C161E /* Info.plist */ = {isa = PBXFileReference; lastKnownFileType = text.plist.xml; path = Info.plist; sourceTree = "<group>"; };
		E827FCAE1FF98FDC008C161E /* ConcentrationTests.xctest */ = {isa = PBXFileReference; explicitFileType = wrapper.cfbundle; includeInIndex = 0; path = ConcentrationTests.xctest; sourceTree = BUILT_PRODUCTS_DIR; };
		E827FCB21FF98FDC008C161E /* ConcentrationTests.swift */ = {isa = PBXFileReference; lastKnownFileType = sourcecode.swift; path = ConcentrationTests.swift; sourceTree = "<group>"; };
		E827FCB41FF98FDC008C161E /* Info.plist */ = {isa = PBXFileReference; lastKnownFileType = text.plist.xml; path = Info.plist; sourceTree = "<group>"; };
		E827FCB91FF98FDC008C161E /* ConcentrationUITests.xctest */ = {isa = PBXFileReference; explicitFileType = wrapper.cfbundle; includeInIndex = 0; path = ConcentrationUITests.xctest; sourceTree = BUILT_PRODUCTS_DIR; };
		E827FCBD1FF98FDC008C161E /* ConcentrationUITests.swift */ = {isa = PBXFileReference; lastKnownFileType = sourcecode.swift; path = ConcentrationUITests.swift; sourceTree = "<group>"; };
		E827FCBF1FF98FDC008C161E /* Info.plist */ = {isa = PBXFileReference; lastKnownFileType = text.plist.xml; path = Info.plist; sourceTree = "<group>"; };
		E830BAEB1FFAFC4900777858 /* Concentration.swift */ = {isa = PBXFileReference; lastKnownFileType = sourcecode.swift; path = Concentration.swift; sourceTree = "<group>"; };
		E830BAED1FFAFCD800777858 /* Card.swift */ = {isa = PBXFileReference; lastKnownFileType = sourcecode.swift; path = Card.swift; sourceTree = "<group>"; };
/* End PBXFileReference section */

/* Begin PBXFrameworksBuildPhase section */
		E827FC971FF98FDC008C161E /* Frameworks */ = {
			isa = PBXFrameworksBuildPhase;
			buildActionMask = 2147483647;
			files = (
			);
			runOnlyForDeploymentPostprocessing = 0;
		};
		E827FCAB1FF98FDC008C161E /* Frameworks */ = {
			isa = PBXFrameworksBuildPhase;
			buildActionMask = 2147483647;
			files = (
			);
			runOnlyForDeploymentPostprocessing = 0;
		};
		E827FCB61FF98FDC008C161E /* Frameworks */ = {
			isa = PBXFrameworksBuildPhase;
			buildActionMask = 2147483647;
			files = (
			);
			runOnlyForDeploymentPostprocessing = 0;
		};
/* End PBXFrameworksBuildPhase section */

/* Begin PBXGroup section */
		E827FC911FF98FDC008C161E = {
			isa = PBXGroup;
			children = (
				E827FC9C1FF98FDC008C161E /* Concentration */,
				E827FCB11FF98FDC008C161E /* ConcentrationTests */,
				E827FCBC1FF98FDC008C161E /* ConcentrationUITests */,
				E827FC9B1FF98FDC008C161E /* Products */,
			);
			sourceTree = "<group>";
		};
		E827FC9B1FF98FDC008C161E /* Products */ = {
			isa = PBXGroup;
			children = (
				E827FC9A1FF98FDC008C161E /* Concentration.app */,
				E827FCAE1FF98FDC008C161E /* ConcentrationTests.xctest */,
				E827FCB91FF98FDC008C161E /* ConcentrationUITests.xctest */,
			);
			name = Products;
			sourceTree = "<group>";
		};
		E827FC9C1FF98FDC008C161E /* Concentration */ = {
			isa = PBXGroup;
			children = (
				E830BAED1FFAFCD800777858 /* Card.swift */,
				E827FC9D1FF98FDC008C161E /* AppDelegate.swift */,
				E827FC9F1FF98FDC008C161E /* ViewController.swift */,
				E830BAEB1FFAFC4900777858 /* Concentration.swift */,
				E827FCA11FF98FDC008C161E /* Main.storyboard */,
				E827FCA41FF98FDC008C161E /* Assets.xcassets */,
				E827FCA61FF98FDC008C161E /* LaunchScreen.storyboard */,
				E827FCA91FF98FDC008C161E /* Info.plist */,
			);
			path = Concentration;
			sourceTree = "<group>";
		};
		E827FCB11FF98FDC008C161E /* ConcentrationTests */ = {
			isa = PBXGroup;
			children = (
				E827FCB21FF98FDC008C161E /* ConcentrationTests.swift */,
				E827FCB41FF98FDC008C161E /* Info.plist */,
			);
			path = ConcentrationTests;
			sourceTree = "<group>";
		};
		E827FCBC1FF98FDC008C161E /* ConcentrationUITests */ = {
			isa = PBXGroup;
			children = (
				E827FCBD1FF98FDC008C161E /* ConcentrationUITests.swift */,
				E827FCBF1FF98FDC008C161E /* Info.plist */,
			);
			path = ConcentrationUITests;
			sourceTree = "<group>";
		};
/* End PBXGroup section */

/* Begin PBXNativeTarget section */
		E827FC991FF98FDC008C161E /* Concentration */ = {
			isa = PBXNativeTarget;
			buildConfigurationList = E827FCC21FF98FDC008C161E /* Build configuration list for PBXNativeTarget "Concentration" */;
			buildPhases = (
				E827FC961FF98FDC008C161E /* Sources */,
				E827FC971FF98FDC008C161E /* Frameworks */,
				E827FC981FF98FDC008C161E /* Resources */,
			);
			buildRules = (
			);
			dependencies = (
			);
			name = Concentration;
			productName = Concentration;
			productReference = E827FC9A1FF98FDC008C161E /* Concentration.app */;
			productType = "com.apple.product-type.application";
		};
		E827FCAD1FF98FDC008C161E /* ConcentrationTests */ = {
			isa = PBXNativeTarget;
			buildConfigurationList = E827FCC51FF98FDC008C161E /* Build configuration list for PBXNativeTarget "ConcentrationTests" */;
			buildPhases = (
				E827FCAA1FF98FDC008C161E /* Sources */,
				E827FCAB1FF98FDC008C161E /* Frameworks */,
				E827FCAC1FF98FDC008C161E /* Resources */,
			);
			buildRules = (
			);
			dependencies = (
				E827FCB01FF98FDC008C161E /* PBXTargetDependency */,
			);
			name = ConcentrationTests;
			productName = ConcentrationTests;
			productReference = E827FCAE1FF98FDC008C161E /* ConcentrationTests.xctest */;
			productType = "com.apple.product-type.bundle.unit-test";
		};
		E827FCB81FF98FDC008C161E /* ConcentrationUITests */ = {
			isa = PBXNativeTarget;
			buildConfigurationList = E827FCC81FF98FDC008C161E /* Build configuration list for PBXNativeTarget "ConcentrationUITests" */;
			buildPhases = (
				E827FCB51FF98FDC008C161E /* Sources */,
				E827FCB61FF98FDC008C161E /* Frameworks */,
				E827FCB71FF98FDC008C161E /* Resources */,
			);
			buildRules = (
			);
			dependencies = (
				E827FCBB1FF98FDC008C161E /* PBXTargetDependency */,
			);
			name = ConcentrationUITests;
			productName = ConcentrationUITests;
			productReference = E827FCB91FF98FDC008C161E /* ConcentrationUITests.xctest */;
			productType = "com.apple.product-type.bundle.ui-testing";
		};
/* End PBXNativeTarget section */

/* Begin PBXProject section */
		E827FC921FF98FDC008C161E /* Project object */ = {
			isa = PBXProject;
			attributes = {
				LastSwiftUpdateCheck = 0920;
				LastUpgradeCheck = 0920;
				ORGANIZATIONNAME = "Vyshak Athreya B K";
				TargetAttributes = {
					E827FC991FF98FDC008C161E = {
						CreatedOnToolsVersion = 9.2;
						ProvisioningStyle = Automatic;
					};
					E827FCAD1FF98FDC008C161E = {
						CreatedOnToolsVersion = 9.2;
						ProvisioningStyle = Automatic;
						TestTargetID = E827FC991FF98FDC008C161E;
					};
					E827FCB81FF98FDC008C161E = {
						CreatedOnToolsVersion = 9.2;
						ProvisioningStyle = Automatic;
						TestTargetID = E827FC991FF98FDC008C161E;
					};
				};
			};
			buildConfigurationList = E827FC951FF98FDC008C161E /* Build configuration list for PBXProject "Concentration" */;
			compatibilityVersion = "Xcode 8.0";
			developmentRegion = en;
			hasScannedForEncodings = 0;
			knownRegions = (
				en,
				Base,
			);
			mainGroup = E827FC911FF98FDC008C161E;
			productRefGroup = E827FC9B1FF98FDC008C161E /* Products */;
			projectDirPath = "";
			projectRoot = "";
			targets = (
				E827FC991FF98FDC008C161E /* Concentration */,
				E827FCAD1FF98FDC008C161E /* ConcentrationTests */,
				E827FCB81FF98FDC008C161E /* ConcentrationUITests */,
			);
		};
/* End PBXProject section */

/* Begin PBXResourcesBuildPhase section */
		E827FC981FF98FDC008C161E /* Resources */ = {
			isa = PBXResourcesBuildPhase;
			buildActionMask = 2147483647;
			files = (
				E827FCA81FF98FDC008C161E /* LaunchScreen.storyboard in Resources */,
				E827FCA51FF98FDC008C161E /* Assets.xcassets in Resources */,
				E827FCA31FF98FDC008C161E /* Main.storyboard in Resources */,
			);
			runOnlyForDeploymentPostprocessing = 0;
		};
		E827FCAC1FF98FDC008C161E /* Resources */ = {
			isa = PBXResourcesBuildPhase;
			buildActionMask = 2147483647;
			files = (
			);
			runOnlyForDeploymentPostprocessing = 0;
		};
		E827FCB71FF98FDC008C161E /* Resources */ = {
			isa = PBXResourcesBuildPhase;
			buildActionMask = 2147483647;
			files = (
			);
			runOnlyForDeploymentPostprocessing = 0;
		};
/* End PBXResourcesBuildPhase section */

/* Begin PBXSourcesBuildPhase section */
		E827FC961FF98FDC008C161E /* Sources */ = {
			isa = PBXSourcesBuildPhase;
			buildActionMask = 2147483647;
			files = (
				E827FCA01FF98FDC008C161E /* ViewController.swift in Sources */,
				E827FC9E1FF98FDC008C161E /* AppDelegate.swift in Sources */,
				E830BAEC1FFAFC4900777858 /* Concentration.swift in Sources */,
				E830BAEE1FFAFCD800777858 /* Card.swift in Sources */,
			);
			runOnlyForDeploymentPostprocessing = 0;
		};
		E827FCAA1FF98FDC008C161E /* Sources */ = {
			isa = PBXSourcesBuildPhase;
			buildActionMask = 2147483647;
			files = (
				E827FCB31FF98FDC008C161E /* ConcentrationTests.swift in Sources */,
			);
			runOnlyForDeploymentPostprocessing = 0;
		};
		E827FCB51FF98FDC008C161E /* Sources */ = {
			isa = PBXSourcesBuildPhase;
			buildActionMask = 2147483647;
			files = (
				E827FCBE1FF98FDC008C161E /* ConcentrationUITests.swift in Sources */,
			);
			runOnlyForDeploymentPostprocessing = 0;
		};
/* End PBXSourcesBuildPhase section */

/* Begin PBXTargetDependency section */
		E827FCB01FF98FDC008C161E /* PBXTargetDependency */ = {
			isa = PBXTargetDependency;
			target = E827FC991FF98FDC008C161E /* Concentration */;
			targetProxy = E827FCAF1FF98FDC008C161E /* PBXContainerItemProxy */;
		};
		E827FCBB1FF98FDC008C161E /* PBXTargetDependency */ = {
			isa = PBXTargetDependency;
			target = E827FC991FF98FDC008C161E /* Concentration */;
			targetProxy = E827FCBA1FF98FDC008C161E /* PBXContainerItemProxy */;
		};
/* End PBXTargetDependency section */

/* Begin PBXVariantGroup section */
		E827FCA11FF98FDC008C161E /* Main.storyboard */ = {
			isa = PBXVariantGroup;
			children = (
				E827FCA21FF98FDC008C161E /* Base */,
			);
			name = Main.storyboard;
			sourceTree = "<group>";
		};
		E827FCA61FF98FDC008C161E /* LaunchScreen.storyboard */ = {
			isa = PBXVariantGroup;
			children = (
				E827FCA71FF98FDC008C161E /* Base */,
			);
			name = LaunchScreen.storyboard;
			sourceTree = "<group>";
		};
/* End PBXVariantGroup section */

/* Begin XCBuildConfiguration section */
		E827FCC01FF98FDC008C161E /* Debug */ = {
			isa = XCBuildConfiguration;
			buildSettings = {
				ALWAYS_SEARCH_USER_PATHS = NO;
				CLANG_ANALYZER_NONNULL = YES;
				CLANG_ANALYZER_NUMBER_OBJECT_CONVERSION = YES_AGGRESSIVE;
				CLANG_CXX_LANGUAGE_STANDARD = "gnu++14";
				CLANG_CXX_LIBRARY = "libc++";
				CLANG_ENABLE_MODULES = YES;
				CLANG_ENABLE_OBJC_ARC = YES;
				CLANG_WARN_BLOCK_CAPTURE_AUTORELEASING = YES;
				CLANG_WARN_BOOL_CONVERSION = YES;
				CLANG_WARN_COMMA = YES;
				CLANG_WARN_CONSTANT_CONVERSION = YES;
				CLANG_WARN_DIRECT_OBJC_ISA_USAGE = YES_ERROR;
				CLANG_WARN_DOCUMENTATION_COMMENTS = YES;
				CLANG_WARN_EMPTY_BODY = YES;
				CLANG_WARN_ENUM_CONVERSION = YES;
				CLANG_WARN_INFINITE_RECURSION = YES;
				CLANG_WARN_INT_CONVERSION = YES;
				CLANG_WARN_NON_LITERAL_NULL_CONVERSION = YES;
				CLANG_WARN_OBJC_LITERAL_CONVERSION = YES;
				CLANG_WARN_OBJC_ROOT_CLASS = YES_ERROR;
				CLANG_WARN_RANGE_LOOP_ANALYSIS = YES;
				CLANG_WARN_STRICT_PROTOTYPES = YES;
				CLANG_WARN_SUSPICIOUS_MOVE = YES;
				CLANG_WARN_UNGUARDED_AVAILABILITY = YES_AGGRESSIVE;
				CLANG_WARN_UNREACHABLE_CODE = YES;
				CLANG_WARN__DUPLICATE_METHOD_MATCH = YES;
				CODE_SIGN_IDENTITY = "iPhone Developer";
				COPY_PHASE_STRIP = NO;
				DEBUG_INFORMATION_FORMAT = dwarf;
				ENABLE_STRICT_OBJC_MSGSEND = YES;
				ENABLE_TESTABILITY = YES;
				GCC_C_LANGUAGE_STANDARD = gnu11;
				GCC_DYNAMIC_NO_PIC = NO;
				GCC_NO_COMMON_BLOCKS = YES;
				GCC_OPTIMIZATION_LEVEL = 0;
				GCC_PREPROCESSOR_DEFINITIONS = (
					"DEBUG=1",
					"$(inherited)",
				);
				GCC_WARN_64_TO_32_BIT_CONVERSION = YES;
				GCC_WARN_ABOUT_RETURN_TYPE = YES_ERROR;
				GCC_WARN_UNDECLARED_SELECTOR = YES;
				GCC_WARN_UNINITIALIZED_AUTOS = YES_AGGRESSIVE;
				GCC_WARN_UNUSED_FUNCTION = YES;
				GCC_WARN_UNUSED_VARIABLE = YES;
				IPHONEOS_DEPLOYMENT_TARGET = 11.2;
				MTL_ENABLE_DEBUG_INFO = YES;
				ONLY_ACTIVE_ARCH = YES;
				SDKROOT = iphoneos;
				SWIFT_ACTIVE_COMPILATION_CONDITIONS = DEBUG;
				SWIFT_OPTIMIZATION_LEVEL = "-Onone";
			};
			name = Debug;
		};
		E827FCC11FF98FDC008C161E /* Release */ = {
			isa = XCBuildConfiguration;
			buildSettings = {
				ALWAYS_SEARCH_USER_PATHS = NO;
				CLANG_ANALYZER_NONNULL = YES;
				CLANG_ANALYZER_NUMBER_OBJECT_CONVERSION = YES_AGGRESSIVE;
				CLANG_CXX_LANGUAGE_STANDARD = "gnu++14";
				CLANG_CXX_LIBRARY = "libc++";
				CLANG_ENABLE_MODULES = YES;
				CLANG_ENABLE_OBJC_ARC = YES;
				CLANG_WARN_BLOCK_CAPTURE_AUTORELEASING = YES;
				CLANG_WARN_BOOL_CONVERSION = YES;
				CLANG_WARN_COMMA = YES;
				CLANG_WARN_CONSTANT_CONVERSION = YES;
				CLANG_WARN_DIRECT_OBJC_ISA_USAGE = YES_ERROR;
				CLANG_WARN_DOCUMENTATION_COMMENTS = YES;
				CLANG_WARN_EMPTY_BODY = YES;
				CLANG_WARN_ENUM_CONVERSION = YES;
				CLANG_WARN_INFINITE_RECURSION = YES;
				CLANG_WARN_INT_CONVERSION = YES;
				CLANG_WARN_NON_LITERAL_NULL_CONVERSION = YES;
				CLANG_WARN_OBJC_LITERAL_CONVERSION = YES;
				CLANG_WARN_OBJC_ROOT_CLASS = YES_ERROR;
				CLANG_WARN_RANGE_LOOP_ANALYSIS = YES;
				CLANG_WARN_STRICT_PROTOTYPES = YES;
				CLANG_WARN_SUSPICIOUS_MOVE = YES;
				CLANG_WARN_UNGUARDED_AVAILABILITY = YES_AGGRESSIVE;
				CLANG_WARN_UNREACHABLE_CODE = YES;
				CLANG_WARN__DUPLICATE_METHOD_MATCH = YES;
				CODE_SIGN_IDENTITY = "iPhone Developer";
				COPY_PHASE_STRIP = NO;
				DEBUG_INFORMATION_FORMAT = "dwarf-with-dsym";
				ENABLE_NS_ASSERTIONS = NO;
				ENABLE_STRICT_OBJC_MSGSEND = YES;
				GCC_C_LANGUAGE_STANDARD = gnu11;
				GCC_NO_COMMON_BLOCKS = YES;
				GCC_WARN_64_TO_32_BIT_CONVERSION = YES;
				GCC_WARN_ABOUT_RETURN_TYPE = YES_ERROR;
				GCC_WARN_UNDECLARED_SELECTOR = YES;
				GCC_WARN_UNINITIALIZED_AUTOS = YES_AGGRESSIVE;
				GCC_WARN_UNUSED_FUNCTION = YES;
				GCC_WARN_UNUSED_VARIABLE = YES;
				IPHONEOS_DEPLOYMENT_TARGET = 11.2;
				MTL_ENABLE_DEBUG_INFO = NO;
				SDKROOT = iphoneos;
				SWIFT_OPTIMIZATION_LEVEL = "-Owholemodule";
				VALIDATE_PRODUCT = YES;
			};
			name = Release;
		};
		E827FCC31FF98FDC008C161E /* Debug */ = {
			isa = XCBuildConfiguration;
			buildSettings = {
				ASSETCATALOG_COMPILER_APPICON_NAME = AppIcon;
				CODE_SIGN_STYLE = Automatic;
				INFOPLIST_FILE = Concentration/Info.plist;
				LD_RUNPATH_SEARCH_PATHS = "$(inherited) @executable_path/Frameworks";
				PRODUCT_BUNDLE_IDENTIFIER = edu.sdsu.vyshak.Concentration;
				PRODUCT_NAME = "$(TARGET_NAME)";
				SWIFT_VERSION = 4.0;
				TARGETED_DEVICE_FAMILY = "1,2";
			};
			name = Debug;
		};
		E827FCC41FF98FDC008C161E /* Release */ = {
			isa = XCBuildConfiguration;
			buildSettings = {
				ASSETCATALOG_COMPILER_APPICON_NAME = AppIcon;
				CODE_SIGN_STYLE = Automatic;
				INFOPLIST_FILE = Concentration/Info.plist;
				LD_RUNPATH_SEARCH_PATHS = "$(inherited) @executable_path/Frameworks";
				PRODUCT_BUNDLE_IDENTIFIER = edu.sdsu.vyshak.Concentration;
				PRODUCT_NAME = "$(TARGET_NAME)";
				SWIFT_VERSION = 4.0;
				TARGETED_DEVICE_FAMILY = "1,2";
			};
			name = Release;
		};
		E827FCC61FF98FDC008C161E /* Debug */ = {
			isa = XCBuildConfiguration;
			buildSettings = {
				ALWAYS_EMBED_SWIFT_STANDARD_LIBRARIES = YES;
				BUNDLE_LOADER = "$(TEST_HOST)";
				CODE_SIGN_STYLE = Automatic;
				INFOPLIST_FILE = ConcentrationTests/Info.plist;
				LD_RUNPATH_SEARCH_PATHS = "$(inherited) @executable_path/Frameworks @loader_path/Frameworks";
				PRODUCT_BUNDLE_IDENTIFIER = edu.sdsu.vyshak.ConcentrationTests;
				PRODUCT_NAME = "$(TARGET_NAME)";
				SWIFT_VERSION = 4.0;
				TARGETED_DEVICE_FAMILY = "1,2";
				TEST_HOST = "$(BUILT_PRODUCTS_DIR)/Concentration.app/Concentration";
			};
			name = Debug;
		};
		E827FCC71FF98FDC008C161E /* Release */ = {
			isa = XCBuildConfiguration;
			buildSettings = {
				ALWAYS_EMBED_SWIFT_STANDARD_LIBRARIES = YES;
				BUNDLE_LOADER = "$(TEST_HOST)";
				CODE_SIGN_STYLE = Automatic;
				INFOPLIST_FILE = ConcentrationTests/Info.plist;
				LD_RUNPATH_SEARCH_PATHS = "$(inherited) @executable_path/Frameworks @loader_path/Frameworks";
				PRODUCT_BUNDLE_IDENTIFIER = edu.sdsu.vyshak.ConcentrationTests;
				PRODUCT_NAME = "$(TARGET_NAME)";
				SWIFT_VERSION = 4.0;
				TARGETED_DEVICE_FAMILY = "1,2";
				TEST_HOST = "$(BUILT_PRODUCTS_DIR)/Concentration.app/Concentration";
			};
			name = Release;
		};
		E827FCC91FF98FDC008C161E /* Debug */ = {
			isa = XCBuildConfiguration;
			buildSettings = {
				ALWAYS_EMBED_SWIFT_STANDARD_LIBRARIES = YES;
				CODE_SIGN_STYLE = Automatic;
				INFOPLIST_FILE = ConcentrationUITests/Info.plist;
				LD_RUNPATH_SEARCH_PATHS = "$(inherited) @executable_path/Frameworks @loader_path/Frameworks";
				PRODUCT_BUNDLE_IDENTIFIER = edu.sdsu.vyshak.ConcentrationUITests;
				PRODUCT_NAME = "$(TARGET_NAME)";
				SWIFT_VERSION = 4.0;
				TARGETED_DEVICE_FAMILY = "1,2";
				TEST_TARGET_NAME = Concentration;
			};
			name = Debug;
		};
		E827FCCA1FF98FDC008C161E /* Release */ = {
			isa = XCBuildConfiguration;
			buildSettings = {
				ALWAYS_EMBED_SWIFT_STANDARD_LIBRARIES = YES;
				CODE_SIGN_STYLE = Automatic;
				INFOPLIST_FILE = ConcentrationUITests/Info.plist;
				LD_RUNPATH_SEARCH_PATHS = "$(inherited) @executable_path/Frameworks @loader_path/Frameworks";
				PRODUCT_BUNDLE_IDENTIFIER = edu.sdsu.vyshak.ConcentrationUITests;
				PRODUCT_NAME = "$(TARGET_NAME)";
				SWIFT_VERSION = 4.0;
				TARGETED_DEVICE_FAMILY = "1,2";
				TEST_TARGET_NAME = Concentration;
			};
			name = Release;
		};
/* End XCBuildConfiguration section */

/* Begin XCConfigurationList section */
		E827FC951FF98FDC008C161E /* Build configuration list for PBXProject "Concentration" */ = {
			isa = XCConfigurationList;
			buildConfigurations = (
				E827FCC01FF98FDC008C161E /* Debug */,
				E827FCC11FF98FDC008C161E /* Release */,
			);
			defaultConfigurationIsVisible = 0;
			defaultConfigurationName = Release;
		};
		E827FCC21FF98FDC008C161E /* Build configuration list for PBXNativeTarget "Concentration" */ = {
			isa = XCConfigurationList;
			buildConfigurations = (
				E827FCC31FF98FDC008C161E /* Debug */,
				E827FCC41FF98FDC008C161E /* Release */,
			);
			defaultConfigurationIsVisible = 0;
			defaultConfigurationName = Release;
		};
		E827FCC51FF98FDC008C161E /* Build configuration list for PBXNativeTarget "ConcentrationTests" */ = {
			isa = XCConfigurationList;
			buildConfigurations = (
				E827FCC61FF98FDC008C161E /* Debug */,
				E827FCC71FF98FDC008C161E /* Release */,
			);
			defaultConfigurationIsVisible = 0;
			defaultConfigurationName = Release;
		};
		E827FCC81FF98FDC008C161E /* Build configuration list for PBXNativeTarget "ConcentrationUITests" */ = {
			isa = XCConfigurationList;
			buildConfigurations = (
				E827FCC91FF98FDC008C161E /* Debug */,
				E827FCCA1FF98FDC008C161E /* Release */,
			);
			defaultConfigurationIsVisible = 0;
			defaultConfigurationName = Release;
		};
/* End XCConfigurationList section */
	};
	rootObject = E827FC921FF98FDC008C161E /* Project object */;
}
